github.com/cinar/indicator v1.2.4 h1:ox0yfN2chuDw6BEsTev4Zlhwijw9JcvvkD4E2CKPwpY=
github.com/cinar/indicator v1.2.4/go.mod h1:5eX8f1PG9g3RKSoHsoQxKd8bIN97Cf/gbgxXjihROpI=
github.com/joho/godotenv v1.4.0 h1:3l4+N6zfMWnkbPEXKng2o2/MR5mSwTrBih4ZEkkz1lg=
github.com/joho/godotenv v1.4.0/go.mod h1:f4LDr5Voq0i2e/R5DDNOoa2zzDfwtkZa6DnEwAbqwq4=
